// !$*UTF8*$!
{
	archiveVersion = 1;
	classes = {
	};
	objectVersion = 46;
	objects = {

/* Begin PBXBuildFile section */
		AD05DC031E52037F00B501C2 /* Snowman_00_00.jpg in Resources */ = {isa = PBXBuildFile; fileRef = AD05DBBD1E52037F00B501C2 /* Snowman_00_00.jpg */; };
		AD05DC041E52037F00B501C2 /* Snowman_00_06.jpg in Resources */ = {isa = PBXBuildFile; fileRef = AD05DBBE1E52037F00B501C2 /* Snowman_00_06.jpg */; };
		AD05DC051E52037F00B501C2 /* Snowman_01_01.jpg in Resources */ = {isa = PBXBuildFile; fileRef = AD05DBBF1E52037F00B501C2 /* Snowman_01_01.jpg */; };
		AD05DC061E52037F00B501C2 /* Snowman_01_06.jpg in Resources */ = {isa = PBXBuildFile; fileRef = AD05DBC01E52037F00B501C2 /* Snowman_01_06.jpg */; };
		AD05DC071E52037F00B501C2 /* Snowman_04_05.jpg in Resources */ = {isa = PBXBuildFile; fileRef = AD05DBC11E52037F00B501C2 /* Snowman_04_05.jpg */; };
		AD05DC081E52037F00B501C2 /* Snowman_04_06.jpg in Resources */ = {isa = PBXBuildFile; fileRef = AD05DBC21E52037F00B501C2 /* Snowman_04_06.jpg */; };
		AD05DC091E52037F00B501C2 /* Snowman_02_06.jpg in Resources */ = {isa = PBXBuildFile; fileRef = AD05DBC31E52037F00B501C2 /* Snowman_02_06.jpg */; };
		AD05DC0A1E52037F00B501C2 /* Snowman_03_06.jpg in Resources */ = {isa = PBXBuildFile; fileRef = AD05DBC41E52037F00B501C2 /* Snowman_03_06.jpg */; };
		AD05DC0B1E52037F00B501C2 /* Snowman_06_06.jpg in Resources */ = {isa = PBXBuildFile; fileRef = AD05DBC51E52037F00B501C2 /* Snowman_06_06.jpg */; };
		AD05DC0C1E52037F00B501C2 /* Snowman_07_03.jpg in Resources */ = {isa = PBXBuildFile; fileRef = AD05DBC61E52037F00B501C2 /* Snowman_07_03.jpg */; };
		AD05DC0D1E52037F00B501C2 /* Snowman_01_00.jpg in Resources */ = {isa = PBXBuildFile; fileRef = AD05DBC71E52037F00B501C2 /* Snowman_01_00.jpg */; };
		AD05DC0E1E52037F00B501C2 /* Snowman_01_03.jpg in Resources */ = {isa = PBXBuildFile; fileRef = AD05DBC81E52037F00B501C2 /* Snowman_01_03.jpg */; };
		AD05DC0F1E52037F00B501C2 /* Snowman_01_05.jpg in Resources */ = {isa = PBXBuildFile; fileRef = AD05DBC91E52037F00B501C2 /* Snowman_01_05.jpg */; };
		AD05DC101E52037F00B501C2 /* Snowman_07_01.jpg in Resources */ = {isa = PBXBuildFile; fileRef = AD05DBCA1E52037F00B501C2 /* Snowman_07_01.jpg */; };
		AD05DC111E52037F00B501C2 /* Snowman_06_03.jpg in Resources */ = {isa = PBXBuildFile; fileRef = AD05DBCB1E52037F00B501C2 /* Snowman_06_03.jpg */; };
		AD05DC121E52037F00B501C2 /* Snowman_03_04.jpg in Resources */ = {isa = PBXBuildFile; fileRef = AD05DBCC1E52037F00B501C2 /* Snowman_03_04.jpg */; };
		AD05DC131E52037F00B501C2 /* Snowman_00_01.jpg in Resources */ = {isa = PBXBuildFile; fileRef = AD05DBCD1E52037F00B501C2 /* Snowman_00_01.jpg */; };
		AD05DC141E52037F00B501C2 /* Snowman_02_00.jpg in Resources */ = {isa = PBXBuildFile; fileRef = AD05DBCE1E52037F00B501C2 /* Snowman_02_00.jpg */; };
		AD05DC151E52037F00B501C2 /* Snowman_03_00.jpg in Resources */ = {isa = PBXBuildFile; fileRef = AD05DBCF1E52037F00B501C2 /* Snowman_03_00.jpg */; };
		AD05DC161E52037F00B501C2 /* Snowman_03_03.jpg in Resources */ = {isa = PBXBuildFile; fileRef = AD05DBD01E52037F00B501C2 /* Snowman_03_03.jpg */; };
		AD05DC171E52037F00B501C2 /* Snowman_07_04.jpg in Resources */ = {isa = PBXBuildFile; fileRef = AD05DBD11E52037F00B501C2 /* Snowman_07_04.jpg */; };
		AD05DC181E52037F00B501C2 /* Snowman_03_01.jpg in Resources */ = {isa = PBXBuildFile; fileRef = AD05DBD21E52037F00B501C2 /* Snowman_03_01.jpg */; };
		AD05DC191E52037F00B501C2 /* Snowman_00_02.jpg in Resources */ = {isa = PBXBuildFile; fileRef = AD05DBD31E52037F00B501C2 /* Snowman_00_02.jpg */; };
		AD05DC1A1E52037F00B501C2 /* Snowman_05_00.jpg in Resources */ = {isa = PBXBuildFile; fileRef = AD05DBD41E52037F00B501C2 /* Snowman_05_00.jpg */; };
		AD05DC1B1E52037F00B501C2 /* Snowman_03_05.jpg in Resources */ = {isa = PBXBuildFile; fileRef = AD05DBD51E52037F00B501C2 /* Snowman_03_05.jpg */; };
		AD05DC1C1E52037F00B501C2 /* Snowman_04_00.jpg in Resources */ = {isa = PBXBuildFile; fileRef = AD05DBD61E52037F00B501C2 /* Snowman_04_00.jpg */; };
		AD05DC1D1E52037F00B501C2 /* Snowman_07_02.jpg in Resources */ = {isa = PBXBuildFile; fileRef = AD05DBD71E52037F00B501C2 /* Snowman_07_02.jpg */; };
		AD05DC1E1E52037F00B501C2 /* Snowman_08_06.jpg in Resources */ = {isa = PBXBuildFile; fileRef = AD05DBD81E52037F00B501C2 /* Snowman_08_06.jpg */; };
		AD05DC1F1E52037F00B501C2 /* Snowman_05_06.jpg in Resources */ = {isa = PBXBuildFile; fileRef = AD05DBD91E52037F00B501C2 /* Snowman_05_06.jpg */; };
		AD05DC201E52037F00B501C2 /* Snowman_07_06.jpg in Resources */ = {isa = PBXBuildFile; fileRef = AD05DBDA1E52037F00B501C2 /* Snowman_07_06.jpg */; };
		AD05DC211E52037F00B501C2 /* Snowman_09_00.jpg in Resources */ = {isa = PBXBuildFile; fileRef = AD05DBDB1E52037F00B501C2 /* Snowman_09_00.jpg */; };
		AD05DC221E52037F00B501C2 /* Snowman_05_03.jpg in Resources */ = {isa = PBXBuildFile; fileRef = AD05DBDC1E52037F00B501C2 /* Snowman_05_03.jpg */; };
		AD05DC231E52037F00B501C2 /* Snowman_00_04.jpg in Resources */ = {isa = PBXBuildFile; fileRef = AD05DBDD1E52037F00B501C2 /* Snowman_00_04.jpg */; };
		AD05DC241E52037F00B501C2 /* Snowman_02_03.jpg in Resources */ = {isa = PBXBuildFile; fileRef = AD05DBDE1E52037F00B501C2 /* Snowman_02_03.jpg */; };
		AD05DC251E52037F00B501C2 /* Snowman_06_00.jpg in Resources */ = {isa = PBXBuildFile; fileRef = AD05DBDF1E52037F00B501C2 /* Snowman_06_00.jpg */; };
		AD05DC261E52037F00B501C2 /* Snowman_04_04.jpg in Resources */ = {isa = PBXBuildFile; fileRef = AD05DBE01E52037F00B501C2 /* Snowman_04_04.jpg */; };
		AD05DC271E52037F00B501C2 /* Snowman_02_02.jpg in Resources */ = {isa = PBXBuildFile; fileRef = AD05DBE11E52037F00B501C2 /* Snowman_02_02.jpg */; };
		AD05DC281E52037F00B501C2 /* Snowman_00_03.jpg in Resources */ = {isa = PBXBuildFile; fileRef = AD05DBE21E52037F00B501C2 /* Snowman_00_03.jpg */; };
		AD05DC291E52037F00B501C2 /* Snowman_05_04.jpg in Resources */ = {isa = PBXBuildFile; fileRef = AD05DBE31E52037F00B501C2 /* Snowman_05_04.jpg */; };
		AD05DC2A1E52037F00B501C2 /* Snowman_05_02.jpg in Resources */ = {isa = PBXBuildFile; fileRef = AD05DBE41E52037F00B501C2 /* Snowman_05_02.jpg */; };
		AD05DC2B1E52037F00B501C2 /* Snowman_00_05.jpg in Resources */ = {isa = PBXBuildFile; fileRef = AD05DBE51E52037F00B501C2 /* Snowman_00_05.jpg */; };
		AD05DC2C1E52037F00B501C2 /* Snowman_05_01.jpg in Resources */ = {isa = PBXBuildFile; fileRef = AD05DBE61E52037F00B501C2 /* Snowman_05_01.jpg */; };
		AD05DC2D1E52037F00B501C2 /* Snowman_06_02.jpg in Resources */ = {isa = PBXBuildFile; fileRef = AD05DBE71E52037F00B501C2 /* Snowman_06_02.jpg */; };
		AD05DC2E1E52037F00B501C2 /* Snowman_06_04.jpg in Resources */ = {isa = PBXBuildFile; fileRef = AD05DBE81E52037F00B501C2 /* Snowman_06_04.jpg */; };
		AD05DC2F1E52037F00B501C2 /* Snowman_07_00.jpg in Resources */ = {isa = PBXBuildFile; fileRef = AD05DBE91E52037F00B501C2 /* Snowman_07_00.jpg */; };
		AD05DC301E52037F00B501C2 /* Snowman_06_05.jpg in Resources */ = {isa = PBXBuildFile; fileRef = AD05DBEA1E52037F00B501C2 /* Snowman_06_05.jpg */; };
		AD05DC311E52037F00B501C2 /* Snowman_01_04.jpg in Resources */ = {isa = PBXBuildFile; fileRef = AD05DBEB1E52037F00B501C2 /* Snowman_01_04.jpg */; };
		AD05DC321E52037F00B501C2 /* Snowman_07_05.jpg in Resources */ = {isa = PBXBuildFile; fileRef = AD05DBEC1E52037F00B501C2 /* Snowman_07_05.jpg */; };
		AD05DC331E52037F00B501C2 /* Snowman_04_01.jpg in Resources */ = {isa = PBXBuildFile; fileRef = AD05DBED1E52037F00B501C2 /* Snowman_04_01.jpg */; };
		AD05DC341E52037F00B501C2 /* Snowman_06_01.jpg in Resources */ = {isa = PBXBuildFile; fileRef = AD05DBEE1E52037F00B501C2 /* Snowman_06_01.jpg */; };
		AD05DC351E52037F00B501C2 /* Snowman_08_00.jpg in Resources */ = {isa = PBXBuildFile; fileRef = AD05DBEF1E52037F00B501C2 /* Snowman_08_00.jpg */; };
		AD05DC361E52037F00B501C2 /* Snowman_04_02.jpg in Resources */ = {isa = PBXBuildFile; fileRef = AD05DBF01E52037F00B501C2 /* Snowman_04_02.jpg */; };
		AD05DC371E52037F00B501C2 /* Snowman_08_01.jpg in Resources */ = {isa = PBXBuildFile; fileRef = AD05DBF11E52037F00B501C2 /* Snowman_08_01.jpg */; };
		AD05DC381E52037F00B501C2 /* Snowman_04_03.jpg in Resources */ = {isa = PBXBuildFile; fileRef = AD05DBF21E52037F00B501C2 /* Snowman_04_03.jpg */; };
		AD05DC391E52037F00B501C2 /* Snowman_08_04.jpg in Resources */ = {isa = PBXBuildFile; fileRef = AD05DBF31E52037F00B501C2 /* Snowman_08_04.jpg */; };
		AD05DC3A1E52037F00B501C2 /* Snowman_08_05.jpg in Resources */ = {isa = PBXBuildFile; fileRef = AD05DBF41E52037F00B501C2 /* Snowman_08_05.jpg */; };
		AD05DC3B1E52037F00B501C2 /* Snowman_01_02.jpg in Resources */ = {isa = PBXBuildFile; fileRef = AD05DBF51E52037F00B501C2 /* Snowman_01_02.jpg */; };
		AD05DC3C1E52037F00B501C2 /* Snowman_08_02.jpg in Resources */ = {isa = PBXBuildFile; fileRef = AD05DBF61E52037F00B501C2 /* Snowman_08_02.jpg */; };
		AD05DC3D1E52037F00B501C2 /* Snowman_08_03.jpg in Resources */ = {isa = PBXBuildFile; fileRef = AD05DBF71E52037F00B501C2 /* Snowman_08_03.jpg */; };
		AD05DC3E1E52037F00B501C2 /* Snowman_02_01.jpg in Resources */ = {isa = PBXBuildFile; fileRef = AD05DBF81E52037F00B501C2 /* Snowman_02_01.jpg */; };
		AD05DC3F1E52037F00B501C2 /* Snowman_03_02.jpg in Resources */ = {isa = PBXBuildFile; fileRef = AD05DBF91E52037F00B501C2 /* Snowman_03_02.jpg */; };
		AD05DC401E52037F00B501C2 /* Snowman_02_05.jpg in Resources */ = {isa = PBXBuildFile; fileRef = AD05DBFA1E52037F00B501C2 /* Snowman_02_05.jpg */; };
		AD05DC411E52037F00B501C2 /* Snowman_09_01.jpg in Resources */ = {isa = PBXBuildFile; fileRef = AD05DBFB1E52037F00B501C2 /* Snowman_09_01.jpg */; };
		AD05DC421E52037F00B501C2 /* Snowman_09_02.jpg in Resources */ = {isa = PBXBuildFile; fileRef = AD05DBFC1E52037F00B501C2 /* Snowman_09_02.jpg */; };
		AD05DC431E52037F00B501C2 /* Snowman_02_04.jpg in Resources */ = {isa = PBXBuildFile; fileRef = AD05DBFD1E52037F00B501C2 /* Snowman_02_04.jpg */; };
		AD05DC441E52037F00B501C2 /* Snowman_09_03.jpg in Resources */ = {isa = PBXBuildFile; fileRef = AD05DBFE1E52037F00B501C2 /* Snowman_09_03.jpg */; };
		AD05DC451E52037F00B501C2 /* Snowman_05_05.jpg in Resources */ = {isa = PBXBuildFile; fileRef = AD05DBFF1E52037F00B501C2 /* Snowman_05_05.jpg */; };
		AD05DC461E52037F00B501C2 /* Snowman_09_04.jpg in Resources */ = {isa = PBXBuildFile; fileRef = AD05DC001E52037F00B501C2 /* Snowman_09_04.jpg */; };
		AD05DC471E52037F00B501C2 /* Snowman_09_05.jpg in Resources */ = {isa = PBXBuildFile; fileRef = AD05DC011E52037F00B501C2 /* Snowman_09_05.jpg */; };
		AD05DC481E52037F00B501C2 /* Snowman_09_06.jpg in Resources */ = {isa = PBXBuildFile; fileRef = AD05DC021E52037F00B501C2 /* Snowman_09_06.jpg */; };
		AD05DC4B1E52081B00B501C2 /* FastCATiledLayer.m in Sources */ = {isa = PBXBuildFile; fileRef = AD05DC4A1E52081B00B501C2 /* FastCATiledLayer.m */; };
		AD106D6D1E55E4F20038E3D2 /* PresentationModelController.m in Sources */ = {isa = PBXBuildFile; fileRef = AD106D6B1E55E4F20038E3D2 /* PresentationModelController.m */; };
		AD106D6E1E55E4F20038E3D2 /* PresentationModelController.xib in Resources */ = {isa = PBXBuildFile; fileRef = AD106D6C1E55E4F20038E3D2 /* PresentationModelController.xib */; };
		AD106D771E55F4580038E3D2 /* XianShiAnimationController.m in Sources */ = {isa = PBXBuildFile; fileRef = AD106D751E55F4580038E3D2 /* XianShiAnimationController.m */; };
		AD106D781E55F4580038E3D2 /* XianShiAnimationController.xib in Resources */ = {isa = PBXBuildFile; fileRef = AD106D761E55F4580038E3D2 /* XianShiAnimationController.xib */; };
		AD52C0821E4A0FA9004E8789 /* FiveController.m in Sources */ = {isa = PBXBuildFile; fileRef = AD52C0811E4A0FA9004E8789 /* FiveController.m */; };
		AD953FE91E556C53002A2475 /* NSDate+Addition.m in Sources */ = {isa = PBXBuildFile; fileRef = AD953FE81E556C53002A2475 /* NSDate+Addition.m */; };
		ADA82A301E4B17AB00E5F585 /* SixController.m in Sources */ = {isa = PBXBuildFile; fileRef = ADA82A2F1E4B17AB00E5F585 /* SixController.m */; };
		ADA82A321E4B184400E5F585 /* SixController.xib in Resources */ = {isa = PBXBuildFile; fileRef = ADA82A311E4B184400E5F585 /* SixController.xib */; };
		ADA82A351E4B1A0900E5F585 /* TabBarController.m in Sources */ = {isa = PBXBuildFile; fileRef = ADA82A341E4B1A0900E5F585 /* TabBarController.m */; };
		ADA82A371E4B5BFD00E5F585 /* GLKit.framework in Frameworks */ = {isa = PBXBuildFile; fileRef = ADA82A361E4B5BFD00E5F585 /* GLKit.framework */; };
		ADA9F28C1E4ECFEC00885AA5 /* ReflectionView.m in Sources */ = {isa = PBXBuildFile; fileRef = ADA9F28B1E4ECFEC00885AA5 /* ReflectionView.m */; };
		ADA9F28F1E4EDA1300885AA5 /* EigthController.m in Sources */ = {isa = PBXBuildFile; fileRef = ADA9F28E1E4EDA1300885AA5 /* EigthController.m */; };
		ADA9F2921E4EDC7500885AA5 /* ScrollView.m in Sources */ = {isa = PBXBuildFile; fileRef = ADA9F2911E4EDC7500885AA5 /* ScrollView.m */; };
		ADAA76D91E4C616D00A9BF6A /* SevenController.m in Sources */ = {isa = PBXBuildFile; fileRef = ADAA76D81E4C616D00A9BF6A /* SevenController.m */; };
		ADB00E241E4961550069F604 /* ThirdController.m in Sources */ = {isa = PBXBuildFile; fileRef = ADB00E231E4961550069F604 /* ThirdController.m */; };
		ADB00E271E4975300069F604 /* FourController.m in Sources */ = {isa = PBXBuildFile; fileRef = ADB00E261E4975300069F604 /* FourController.m */; };
		ADB00E291E49B4B40069F604 /* Digits.png in Resources */ = {isa = PBXBuildFile; fileRef = ADB00E281E49B4B40069F604 /* Digits.png */; };
		ADB04C641E4DFEDE002C9791 /* LayerLabel.m in Sources */ = {isa = PBXBuildFile; fileRef = ADB04C631E4DFEDE002C9791 /* LayerLabel.m */; };
		ADB04C671E4E04E0002C9791 /* CATranformLayerController.m in Sources */ = {isa = PBXBuildFile; fileRef = ADB04C661E4E04E0002C9791 /* CATranformLayerController.m */; };
		ADB524C71E485C710083249D /* main.m in Sources */ = {isa = PBXBuildFile; fileRef = ADB524C61E485C710083249D /* main.m */; };
		ADB524CA1E485C710083249D /* AppDelegate.m in Sources */ = {isa = PBXBuildFile; fileRef = ADB524C91E485C710083249D /* AppDelegate.m */; };
		ADB524CD1E485C710083249D /* ViewController.m in Sources */ = {isa = PBXBuildFile; fileRef = ADB524CC1E485C710083249D /* ViewController.m */; };
		ADB524D01E485C710083249D /* Main.storyboard in Resources */ = {isa = PBXBuildFile; fileRef = ADB524CE1E485C710083249D /* Main.storyboard */; };
		ADB524D21E485C710083249D /* Assets.xcassets in Resources */ = {isa = PBXBuildFile; fileRef = ADB524D11E485C710083249D /* Assets.xcassets */; };
		ADB524D51E485C710083249D /* LaunchScreen.storyboard in Resources */ = {isa = PBXBuildFile; fileRef = ADB524D31E485C710083249D /* LaunchScreen.storyboard */; };
		ADB524DE1E4864040083249D /* CoreGraphics.framework in Frameworks */ = {isa = PBXBuildFile; fileRef = ADB524DD1E4864040083249D /* CoreGraphics.framework */; };
		ADB524E51E48B6B30083249D /* SecondController.m in Sources */ = {isa = PBXBuildFile; fileRef = ADB524E41E48B6B30083249D /* SecondController.m */; };
		ADE560461E54790000BBB812 /* TwelveController.m in Sources */ = {isa = PBXBuildFile; fileRef = ADE560451E54790000BBB812 /* TwelveController.m */; };
		ADE5604D1E54947C00BBB812 /* 778.mp4 in Resources */ = {isa = PBXBuildFile; fileRef = ADE5604B1E54941500BBB812 /* 778.mp4 */; };
		ADE560501E54955A00BBB812 /* NSString+CZPath.m in Sources */ = {isa = PBXBuildFile; fileRef = ADE5604F1E54955A00BBB812 /* NSString+CZPath.m */; };
		ADE560581E54A1F900BBB812 /* CALayerAnimationController.m in Sources */ = {isa = PBXBuildFile; fileRef = ADE560561E54A1F900BBB812 /* CALayerAnimationController.m */; };
		ADE560591E54A1F900BBB812 /* CALayerAnimationController.xib in Resources */ = {isa = PBXBuildFile; fileRef = ADE560571E54A1F900BBB812 /* CALayerAnimationController.xib */; };
		ADEEC3BE1E53418D00570B66 /* NineController.m in Sources */ = {isa = PBXBuildFile; fileRef = ADEEC3BD1E53418D00570B66 /* NineController.m */; };
		ADEEC3C41E5347A200570B66 /* ElevenController.m in Sources */ = {isa = PBXBuildFile; fileRef = ADEEC3C31E5347A200570B66 /* ElevenController.m */; };
/* End PBXBuildFile section */

/* Begin PBXFileReference section */
		AD05DBBD1E52037F00B501C2 /* Snowman_00_00.jpg */ = {isa = PBXFileReference; lastKnownFileType = image.jpeg; path = Snowman_00_00.jpg; sourceTree = "<group>"; };
		AD05DBBE1E52037F00B501C2 /* Snowman_00_06.jpg */ = {isa = PBXFileReference; lastKnownFileType = image.jpeg; path = Snowman_00_06.jpg; sourceTree = "<group>"; };
		AD05DBBF1E52037F00B501C2 /* Snowman_01_01.jpg */ = {isa = PBXFileReference; lastKnownFileType = image.jpeg; path = Snowman_01_01.jpg; sourceTree = "<group>"; };
		AD05DBC01E52037F00B501C2 /* Snowman_01_06.jpg */ = {isa = PBXFileReference; lastKnownFileType = image.jpeg; path = Snowman_01_06.jpg; sourceTree = "<group>"; };
		AD05DBC11E52037F00B501C2 /* Snowman_04_05.jpg */ = {isa = PBXFileReference; lastKnownFileType = image.jpeg; path = Snowman_04_05.jpg; sourceTree = "<group>"; };
		AD05DBC21E52037F00B501C2 /* Snowman_04_06.jpg */ = {isa = PBXFileReference; lastKnownFileType = image.jpeg; path = Snowman_04_06.jpg; sourceTree = "<group>"; };
		AD05DBC31E52037F00B501C2 /* Snowman_02_06.jpg */ = {isa = PBXFileReference; lastKnownFileType = image.jpeg; path = Snowman_02_06.jpg; sourceTree = "<group>"; };
		AD05DBC41E52037F00B501C2 /* Snowman_03_06.jpg */ = {isa = PBXFileReference; lastKnownFileType = image.jpeg; path = Snowman_03_06.jpg; sourceTree = "<group>"; };
		AD05DBC51E52037F00B501C2 /* Snowman_06_06.jpg */ = {isa = PBXFileReference; lastKnownFileType = image.jpeg; path = Snowman_06_06.jpg; sourceTree = "<group>"; };
		AD05DBC61E52037F00B501C2 /* Snowman_07_03.jpg */ = {isa = PBXFileReference; lastKnownFileType = image.jpeg; path = Snowman_07_03.jpg; sourceTree = "<group>"; };
		AD05DBC71E52037F00B501C2 /* Snowman_01_00.jpg */ = {isa = PBXFileReference; lastKnownFileType = image.jpeg; path = Snowman_01_00.jpg; sourceTree = "<group>"; };
		AD05DBC81E52037F00B501C2 /* Snowman_01_03.jpg */ = {isa = PBXFileReference; lastKnownFileType = image.jpeg; path = Snowman_01_03.jpg; sourceTree = "<group>"; };
		AD05DBC91E52037F00B501C2 /* Snowman_01_05.jpg */ = {isa = PBXFileReference; lastKnownFileType = image.jpeg; path = Snowman_01_05.jpg; sourceTree = "<group>"; };
		AD05DBCA1E52037F00B501C2 /* Snowman_07_01.jpg */ = {isa = PBXFileReference; lastKnownFileType = image.jpeg; path = Snowman_07_01.jpg; sourceTree = "<group>"; };
		AD05DBCB1E52037F00B501C2 /* Snowman_06_03.jpg */ = {isa = PBXFileReference; lastKnownFileType = image.jpeg; path = Snowman_06_03.jpg; sourceTree = "<group>"; };
		AD05DBCC1E52037F00B501C2 /* Snowman_03_04.jpg */ = {isa = PBXFileReference; lastKnownFileType = image.jpeg; path = Snowman_03_04.jpg; sourceTree = "<group>"; };
		AD05DBCD1E52037F00B501C2 /* Snowman_00_01.jpg */ = {isa = PBXFileReference; lastKnownFileType = image.jpeg; path = Snowman_00_01.jpg; sourceTree = "<group>"; };
		AD05DBCE1E52037F00B501C2 /* Snowman_02_00.jpg */ = {isa = PBXFileReference; lastKnownFileType = image.jpeg; path = Snowman_02_00.jpg; sourceTree = "<group>"; };
		AD05DBCF1E52037F00B501C2 /* Snowman_03_00.jpg */ = {isa = PBXFileReference; lastKnownFileType = image.jpeg; path = Snowman_03_00.jpg; sourceTree = "<group>"; };
		AD05DBD01E52037F00B501C2 /* Snowman_03_03.jpg */ = {isa = PBXFileReference; lastKnownFileType = image.jpeg; path = Snowman_03_03.jpg; sourceTree = "<group>"; };
		AD05DBD11E52037F00B501C2 /* Snowman_07_04.jpg */ = {isa = PBXFileReference; lastKnownFileType = image.jpeg; path = Snowman_07_04.jpg; sourceTree = "<group>"; };
		AD05DBD21E52037F00B501C2 /* Snowman_03_01.jpg */ = {isa = PBXFileReference; lastKnownFileType = image.jpeg; path = Snowman_03_01.jpg; sourceTree = "<group>"; };
		AD05DBD31E52037F00B501C2 /* Snowman_00_02.jpg */ = {isa = PBXFileReference; lastKnownFileType = image.jpeg; path = Snowman_00_02.jpg; sourceTree = "<group>"; };
		AD05DBD41E52037F00B501C2 /* Snowman_05_00.jpg */ = {isa = PBXFileReference; lastKnownFileType = image.jpeg; path = Snowman_05_00.jpg; sourceTree = "<group>"; };
		AD05DBD51E52037F00B501C2 /* Snowman_03_05.jpg */ = {isa = PBXFileReference; lastKnownFileType = image.jpeg; path = Snowman_03_05.jpg; sourceTree = "<group>"; };
		AD05DBD61E52037F00B501C2 /* Snowman_04_00.jpg */ = {isa = PBXFileReference; lastKnownFileType = image.jpeg; path = Snowman_04_00.jpg; sourceTree = "<group>"; };
		AD05DBD71E52037F00B501C2 /* Snowman_07_02.jpg */ = {isa = PBXFileReference; lastKnownFileType = image.jpeg; path = Snowman_07_02.jpg; sourceTree = "<group>"; };
		AD05DBD81E52037F00B501C2 /* Snowman_08_06.jpg */ = {isa = PBXFileReference; lastKnownFileType = image.jpeg; path = Snowman_08_06.jpg; sourceTree = "<group>"; };
		AD05DBD91E52037F00B501C2 /* Snowman_05_06.jpg */ = {isa = PBXFileReference; lastKnownFileType = image.jpeg; path = Snowman_05_06.jpg; sourceTree = "<group>"; };
		AD05DBDA1E52037F00B501C2 /* Snowman_07_06.jpg */ = {isa = PBXFileReference; lastKnownFileType = image.jpeg; path = Snowman_07_06.jpg; sourceTree = "<group>"; };
		AD05DBDB1E52037F00B501C2 /* Snowman_09_00.jpg */ = {isa = PBXFileReference; lastKnownFileType = image.jpeg; path = Snowman_09_00.jpg; sourceTree = "<group>"; };
		AD05DBDC1E52037F00B501C2 /* Snowman_05_03.jpg */ = {isa = PBXFileReference; lastKnownFileType = image.jpeg; path = Snowman_05_03.jpg; sourceTree = "<group>"; };
		AD05DBDD1E52037F00B501C2 /* Snowman_00_04.jpg */ = {isa = PBXFileReference; lastKnownFileType = image.jpeg; path = Snowman_00_04.jpg; sourceTree = "<group>"; };
		AD05DBDE1E52037F00B501C2 /* Snowman_02_03.jpg */ = {isa = PBXFileReference; lastKnownFileType = image.jpeg; path = Snowman_02_03.jpg; sourceTree = "<group>"; };
		AD05DBDF1E52037F00B501C2 /* Snowman_06_00.jpg */ = {isa = PBXFileReference; lastKnownFileType = image.jpeg; path = Snowman_06_00.jpg; sourceTree = "<group>"; };
		AD05DBE01E52037F00B501C2 /* Snowman_04_04.jpg */ = {isa = PBXFileReference; lastKnownFileType = image.jpeg; path = Snowman_04_04.jpg; sourceTree = "<group>"; };
		AD05DBE11E52037F00B501C2 /* Snowman_02_02.jpg */ = {isa = PBXFileReference; lastKnownFileType = image.jpeg; path = Snowman_02_02.jpg; sourceTree = "<group>"; };
		AD05DBE21E52037F00B501C2 /* Snowman_00_03.jpg */ = {isa = PBXFileReference; lastKnownFileType = image.jpeg; path = Snowman_00_03.jpg; sourceTree = "<group>"; };
		AD05DBE31E52037F00B501C2 /* Snowman_05_04.jpg */ = {isa = PBXFileReference; lastKnownFileType = image.jpeg; path = Snowman_05_04.jpg; sourceTree = "<group>"; };
		AD05DBE41E52037F00B501C2 /* Snowman_05_02.jpg */ = {isa = PBXFileReference; lastKnownFileType = image.jpeg; path = Snowman_05_02.jpg; sourceTree = "<group>"; };
		AD05DBE51E52037F00B501C2 /* Snowman_00_05.jpg */ = {isa = PBXFileReference; lastKnownFileType = image.jpeg; path = Snowman_00_05.jpg; sourceTree = "<group>"; };
		AD05DBE61E52037F00B501C2 /* Snowman_05_01.jpg */ = {isa = PBXFileReference; lastKnownFileType = image.jpeg; path = Snowman_05_01.jpg; sourceTree = "<group>"; };
		AD05DBE71E52037F00B501C2 /* Snowman_06_02.jpg */ = {isa = PBXFileReference; lastKnownFileType = image.jpeg; path = Snowman_06_02.jpg; sourceTree = "<group>"; };
		AD05DBE81E52037F00B501C2 /* Snowman_06_04.jpg */ = {isa = PBXFileReference; lastKnownFileType = image.jpeg; path = Snowman_06_04.jpg; sourceTree = "<group>"; };
		AD05DBE91E52037F00B501C2 /* Snowman_07_00.jpg */ = {isa = PBXFileReference; lastKnownFileType = image.jpeg; path = Snowman_07_00.jpg; sourceTree = "<group>"; };
		AD05DBEA1E52037F00B501C2 /* Snowman_06_05.jpg */ = {isa = PBXFileReference; lastKnownFileType = image.jpeg; path = Snowman_06_05.jpg; sourceTree = "<group>"; };
		AD05DBEB1E52037F00B501C2 /* Snowman_01_04.jpg */ = {isa = PBXFileReference; lastKnownFileType = image.jpeg; path = Snowman_01_04.jpg; sourceTree = "<group>"; };
		AD05DBEC1E52037F00B501C2 /* Snowman_07_05.jpg */ = {isa = PBXFileReference; lastKnownFileType = image.jpeg; path = Snowman_07_05.jpg; sourceTree = "<group>"; };
		AD05DBED1E52037F00B501C2 /* Snowman_04_01.jpg */ = {isa = PBXFileReference; lastKnownFileType = image.jpeg; path = Snowman_04_01.jpg; sourceTree = "<group>"; };
		AD05DBEE1E52037F00B501C2 /* Snowman_06_01.jpg */ = {isa = PBXFileReference; lastKnownFileType = image.jpeg; path = Snowman_06_01.jpg; sourceTree = "<group>"; };
		AD05DBEF1E52037F00B501C2 /* Snowman_08_00.jpg */ = {isa = PBXFileReference; lastKnownFileType = image.jpeg; path = Snowman_08_00.jpg; sourceTree = "<group>"; };
		AD05DBF01E52037F00B501C2 /* Snowman_04_02.jpg */ = {isa = PBXFileReference; lastKnownFileType = image.jpeg; path = Snowman_04_02.jpg; sourceTree = "<group>"; };
		AD05DBF11E52037F00B501C2 /* Snowman_08_01.jpg */ = {isa = PBXFileReference; lastKnownFileType = image.jpeg; path = Snowman_08_01.jpg; sourceTree = "<group>"; };
		AD05DBF21E52037F00B501C2 /* Snowman_04_03.jpg */ = {isa = PBXFileReference; lastKnownFileType = image.jpeg; path = Snowman_04_03.jpg; sourceTree = "<group>"; };
		AD05DBF31E52037F00B501C2 /* Snowman_08_04.jpg */ = {isa = PBXFileReference; lastKnownFileType = image.jpeg; path = Snowman_08_04.jpg; sourceTree = "<group>"; };
		AD05DBF41E52037F00B501C2 /* Snowman_08_05.jpg */ = {isa = PBXFileReference; lastKnownFileType = image.jpeg; path = Snowman_08_05.jpg; sourceTree = "<group>"; };
		AD05DBF51E52037F00B501C2 /* Snowman_01_02.jpg */ = {isa = PBXFileReference; lastKnownFileType = image.jpeg; path = Snowman_01_02.jpg; sourceTree = "<group>"; };
		AD05DBF61E52037F00B501C2 /* Snowman_08_02.jpg */ = {isa = PBXFileReference; lastKnownFileType = image.jpeg; path = Snowman_08_02.jpg; sourceTree = "<group>"; };
		AD05DBF71E52037F00B501C2 /* Snowman_08_03.jpg */ = {isa = PBXFileReference; lastKnownFileType = image.jpeg; path = Snowman_08_03.jpg; sourceTree = "<group>"; };
		AD05DBF81E52037F00B501C2 /* Snowman_02_01.jpg */ = {isa = PBXFileReference; lastKnownFileType = image.jpeg; path = Snowman_02_01.jpg; sourceTree = "<group>"; };
		AD05DBF91E52037F00B501C2 /* Snowman_03_02.jpg */ = {isa = PBXFileReference; lastKnownFileType = image.jpeg; path = Snowman_03_02.jpg; sourceTree = "<group>"; };
		AD05DBFA1E52037F00B501C2 /* Snowman_02_05.jpg */ = {isa = PBXFileReference; lastKnownFileType = image.jpeg; path = Snowman_02_05.jpg; sourceTree = "<group>"; };
		AD05DBFB1E52037F00B501C2 /* Snowman_09_01.jpg */ = {isa = PBXFileReference; lastKnownFileType = image.jpeg; path = Snowman_09_01.jpg; sourceTree = "<group>"; };
		AD05DBFC1E52037F00B501C2 /* Snowman_09_02.jpg */ = {isa = PBXFileReference; lastKnownFileType = image.jpeg; path = Snowman_09_02.jpg; sourceTree = "<group>"; };
		AD05DBFD1E52037F00B501C2 /* Snowman_02_04.jpg */ = {isa = PBXFileReference; lastKnownFileType = image.jpeg; path = Snowman_02_04.jpg; sourceTree = "<group>"; };
		AD05DBFE1E52037F00B501C2 /* Snowman_09_03.jpg */ = {isa = PBXFileReference; lastKnownFileType = image.jpeg; path = Snowman_09_03.jpg; sourceTree = "<group>"; };
		AD05DBFF1E52037F00B501C2 /* Snowman_05_05.jpg */ = {isa = PBXFileReference; lastKnownFileType = image.jpeg; path = Snowman_05_05.jpg; sourceTree = "<group>"; };
		AD05DC001E52037F00B501C2 /* Snowman_09_04.jpg */ = {isa = PBXFileReference; lastKnownFileType = image.jpeg; path = Snowman_09_04.jpg; sourceTree = "<group>"; };
		AD05DC011E52037F00B501C2 /* Snowman_09_05.jpg */ = {isa = PBXFileReference; lastKnownFileType = image.jpeg; path = Snowman_09_05.jpg; sourceTree = "<group>"; };
		AD05DC021E52037F00B501C2 /* Snowman_09_06.jpg */ = {isa = PBXFileReference; lastKnownFileType = image.jpeg; path = Snowman_09_06.jpg; sourceTree = "<group>"; };
		AD05DC491E52081B00B501C2 /* FastCATiledLayer.h */ = {isa = PBXFileReference; fileEncoding = 4; lastKnownFileType = sourcecode.c.h; path = FastCATiledLayer.h; sourceTree = "<group>"; };
		AD05DC4A1E52081B00B501C2 /* FastCATiledLayer.m */ = {isa = PBXFileReference; fileEncoding = 4; lastKnownFileType = sourcecode.c.objc; path = FastCATiledLayer.m; sourceTree = "<group>"; };
		AD106D6A1E55E4F20038E3D2 /* PresentationModelController.h */ = {isa = PBXFileReference; fileEncoding = 4; lastKnownFileType = sourcecode.c.h; path = PresentationModelController.h; sourceTree = "<group>"; };
		AD106D6B1E55E4F20038E3D2 /* PresentationModelController.m */ = {isa = PBXFileReference; fileEncoding = 4; lastKnownFileType = sourcecode.c.objc; path = PresentationModelController.m; sourceTree = "<group>"; };
		AD106D6C1E55E4F20038E3D2 /* PresentationModelController.xib */ = {isa = PBXFileReference; fileEncoding = 4; lastKnownFileType = file.xib; path = PresentationModelController.xib; sourceTree = "<group>"; };
		AD106D741E55F4580038E3D2 /* XianShiAnimationController.h */ = {isa = PBXFileReference; fileEncoding = 4; lastKnownFileType = sourcecode.c.h; path = XianShiAnimationController.h; sourceTree = "<group>"; };
		AD106D751E55F4580038E3D2 /* XianShiAnimationController.m */ = {isa = PBXFileReference; fileEncoding = 4; lastKnownFileType = sourcecode.c.objc; path = XianShiAnimationController.m; sourceTree = "<group>"; };
		AD106D761E55F4580038E3D2 /* XianShiAnimationController.xib */ = {isa = PBXFileReference; fileEncoding = 4; lastKnownFileType = file.xib; path = XianShiAnimationController.xib; sourceTree = "<group>"; };
		AD52C0801E4A0FA9004E8789 /* FiveController.h */ = {isa = PBXFileReference; fileEncoding = 4; lastKnownFileType = sourcecode.c.h; path = FiveController.h; sourceTree = "<group>"; };
		AD52C0811E4A0FA9004E8789 /* FiveController.m */ = {isa = PBXFileReference; fileEncoding = 4; lastKnownFileType = sourcecode.c.objc; path = FiveController.m; sourceTree = "<group>"; };
		AD953FE71E556C53002A2475 /* NSDate+Addition.h */ = {isa = PBXFileReference; fileEncoding = 4; lastKnownFileType = sourcecode.c.h; path = "NSDate+Addition.h"; sourceTree = "<group>"; };
		AD953FE81E556C53002A2475 /* NSDate+Addition.m */ = {isa = PBXFileReference; fileEncoding = 4; lastKnownFileType = sourcecode.c.objc; path = "NSDate+Addition.m"; sourceTree = "<group>"; };
		ADA82A2E1E4B17AB00E5F585 /* SixController.h */ = {isa = PBXFileReference; fileEncoding = 4; lastKnownFileType = sourcecode.c.h; path = SixController.h; sourceTree = "<group>"; };
		ADA82A2F1E4B17AB00E5F585 /* SixController.m */ = {isa = PBXFileReference; fileEncoding = 4; lastKnownFileType = sourcecode.c.objc; path = SixController.m; sourceTree = "<group>"; };
		ADA82A311E4B184400E5F585 /* SixController.xib */ = {isa = PBXFileReference; fileEncoding = 4; lastKnownFileType = file.xib; path = SixController.xib; sourceTree = "<group>"; };
		ADA82A331E4B1A0900E5F585 /* TabBarController.h */ = {isa = PBXFileReference; fileEncoding = 4; lastKnownFileType = sourcecode.c.h; path = TabBarController.h; sourceTree = "<group>"; };
		ADA82A341E4B1A0900E5F585 /* TabBarController.m */ = {isa = PBXFileReference; fileEncoding = 4; lastKnownFileType = sourcecode.c.objc; path = TabBarController.m; sourceTree = "<group>"; };
		ADA82A361E4B5BFD00E5F585 /* GLKit.framework */ = {isa = PBXFileReference; lastKnownFileType = wrapper.framework; name = GLKit.framework; path = System/Library/Frameworks/GLKit.framework; sourceTree = SDKROOT; };
		ADA9F28A1E4ECFEC00885AA5 /* ReflectionView.h */ = {isa = PBXFileReference; fileEncoding = 4; lastKnownFileType = sourcecode.c.h; path = ReflectionView.h; sourceTree = "<group>"; };
		ADA9F28B1E4ECFEC00885AA5 /* ReflectionView.m */ = {isa = PBXFileReference; fileEncoding = 4; lastKnownFileType = sourcecode.c.objc; path = ReflectionView.m; sourceTree = "<group>"; };
		ADA9F28D1E4EDA1300885AA5 /* EigthController.h */ = {isa = PBXFileReference; fileEncoding = 4; lastKnownFileType = sourcecode.c.h; path = EigthController.h; sourceTree = "<group>"; };
		ADA9F28E1E4EDA1300885AA5 /* EigthController.m */ = {isa = PBXFileReference; fileEncoding = 4; lastKnownFileType = sourcecode.c.objc; path = EigthController.m; sourceTree = "<group>"; };
		ADA9F2901E4EDC7500885AA5 /* ScrollView.h */ = {isa = PBXFileReference; fileEncoding = 4; lastKnownFileType = sourcecode.c.h; path = ScrollView.h; sourceTree = "<group>"; };
		ADA9F2911E4EDC7500885AA5 /* ScrollView.m */ = {isa = PBXFileReference; fileEncoding = 4; lastKnownFileType = sourcecode.c.objc; path = ScrollView.m; sourceTree = "<group>"; };
		ADAA76D71E4C616D00A9BF6A /* SevenController.h */ = {isa = PBXFileReference; fileEncoding = 4; lastKnownFileType = sourcecode.c.h; path = SevenController.h; sourceTree = "<group>"; };
		ADAA76D81E4C616D00A9BF6A /* SevenController.m */ = {isa = PBXFileReference; fileEncoding = 4; lastKnownFileType = sourcecode.c.objc; path = SevenController.m; sourceTree = "<group>"; };
		ADB00E221E4961550069F604 /* ThirdController.h */ = {isa = PBXFileReference; fileEncoding = 4; lastKnownFileType = sourcecode.c.h; path = ThirdController.h; sourceTree = "<group>"; };
		ADB00E231E4961550069F604 /* ThirdController.m */ = {isa = PBXFileReference; fileEncoding = 4; lastKnownFileType = sourcecode.c.objc; path = ThirdController.m; sourceTree = "<group>"; };
		ADB00E251E4975300069F604 /* FourController.h */ = {isa = PBXFileReference; fileEncoding = 4; lastKnownFileType = sourcecode.c.h; path = FourController.h; sourceTree = "<group>"; };
		ADB00E261E4975300069F604 /* FourController.m */ = {isa = PBXFileReference; fileEncoding = 4; lastKnownFileType = sourcecode.c.objc; path = FourController.m; sourceTree = "<group>"; };
		ADB00E281E49B4B40069F604 /* Digits.png */ = {isa = PBXFileReference; lastKnownFileType = image.png; path = Digits.png; sourceTree = "<group>"; };
		ADB04C621E4DFEDE002C9791 /* LayerLabel.h */ = {isa = PBXFileReference; fileEncoding = 4; lastKnownFileType = sourcecode.c.h; path = LayerLabel.h; sourceTree = "<group>"; };
		ADB04C631E4DFEDE002C9791 /* LayerLabel.m */ = {isa = PBXFileReference; fileEncoding = 4; lastKnownFileType = sourcecode.c.objc; path = LayerLabel.m; sourceTree = "<group>"; };
		ADB04C651E4E04E0002C9791 /* CATransformLayerController.h */ = {isa = PBXFileReference; fileEncoding = 4; lastKnownFileType = sourcecode.c.h; path = CATransformLayerController.h; sourceTree = "<group>"; };
		ADB04C661E4E04E0002C9791 /* CATranformLayerController.m */ = {isa = PBXFileReference; fileEncoding = 4; lastKnownFileType = sourcecode.c.objc; path = CATranformLayerController.m; sourceTree = "<group>"; };
		ADB524C21E485C710083249D /* CoreAnimationDemo.app */ = {isa = PBXFileReference; explicitFileType = wrapper.application; includeInIndex = 0; path = CoreAnimationDemo.app; sourceTree = BUILT_PRODUCTS_DIR; };
		ADB524C61E485C710083249D /* main.m */ = {isa = PBXFileReference; lastKnownFileType = sourcecode.c.objc; path = main.m; sourceTree = "<group>"; };
		ADB524C81E485C710083249D /* AppDelegate.h */ = {isa = PBXFileReference; lastKnownFileType = sourcecode.c.h; path = AppDelegate.h; sourceTree = "<group>"; };
		ADB524C91E485C710083249D /* AppDelegate.m */ = {isa = PBXFileReference; lastKnownFileType = sourcecode.c.objc; path = AppDelegate.m; sourceTree = "<group>"; };
		ADB524CB1E485C710083249D /* ViewController.h */ = {isa = PBXFileReference; lastKnownFileType = sourcecode.c.h; path = ViewController.h; sourceTree = "<group>"; };
		ADB524CC1E485C710083249D /* ViewController.m */ = {isa = PBXFileReference; lastKnownFileType = sourcecode.c.objc; path = ViewController.m; sourceTree = "<group>"; };
		ADB524CF1E485C710083249D /* Base */ = {isa = PBXFileReference; lastKnownFileType = file.storyboard; name = Base; path = Base.lproj/Main.storyboard; sourceTree = "<group>"; };
		ADB524D11E485C710083249D /* Assets.xcassets */ = {isa = PBXFileReference; lastKnownFileType = folder.assetcatalog; path = Assets.xcassets; sourceTree = "<group>"; };
		ADB524D41E485C710083249D /* Base */ = {isa = PBXFileReference; lastKnownFileType = file.storyboard; name = Base; path = Base.lproj/LaunchScreen.storyboard; sourceTree = "<group>"; };
		ADB524D61E485C710083249D /* Info.plist */ = {isa = PBXFileReference; lastKnownFileType = text.plist.xml; path = Info.plist; sourceTree = "<group>"; };
		ADB524DD1E4864040083249D /* CoreGraphics.framework */ = {isa = PBXFileReference; lastKnownFileType = wrapper.framework; name = CoreGraphics.framework; path = System/Library/Frameworks/CoreGraphics.framework; sourceTree = SDKROOT; };
		ADB524E31E48B6B30083249D /* SecondController.h */ = {isa = PBXFileReference; fileEncoding = 4; lastKnownFileType = sourcecode.c.h; path = SecondController.h; sourceTree = "<group>"; };
		ADB524E41E48B6B30083249D /* SecondController.m */ = {isa = PBXFileReference; fileEncoding = 4; lastKnownFileType = sourcecode.c.objc; path = SecondController.m; sourceTree = "<group>"; };
		ADE560441E5478FF00BBB812 /* TwelveController.h */ = {isa = PBXFileReference; fileEncoding = 4; lastKnownFileType = sourcecode.c.h; path = TwelveController.h; sourceTree = "<group>"; };
		ADE560451E54790000BBB812 /* TwelveController.m */ = {isa = PBXFileReference; fileEncoding = 4; lastKnownFileType = sourcecode.c.objc; path = TwelveController.m; sourceTree = "<group>"; };
		ADE5604B1E54941500BBB812 /* 778.mp4 */ = {isa = PBXFileReference; lastKnownFileType = file; path = 778.mp4; sourceTree = "<group>"; };
		ADE5604E1E54955A00BBB812 /* NSString+CZPath.h */ = {isa = PBXFileReference; fileEncoding = 4; lastKnownFileType = sourcecode.c.h; path = "NSString+CZPath.h"; sourceTree = "<group>"; };
		ADE5604F1E54955A00BBB812 /* NSString+CZPath.m */ = {isa = PBXFileReference; fileEncoding = 4; lastKnownFileType = sourcecode.c.objc; path = "NSString+CZPath.m"; sourceTree = "<group>"; };
		ADE560551E54A1F900BBB812 /* CALayerAnimationController.h */ = {isa = PBXFileReference; fileEncoding = 4; lastKnownFileType = sourcecode.c.h; path = CALayerAnimationController.h; sourceTree = "<group>"; };
		ADE560561E54A1F900BBB812 /* CALayerAnimationController.m */ = {isa = PBXFileReference; fileEncoding = 4; lastKnownFileType = sourcecode.c.objc; path = CALayerAnimationController.m; sourceTree = "<group>"; };
		ADE560571E54A1F900BBB812 /* CALayerAnimationController.xib */ = {isa = PBXFileReference; fileEncoding = 4; lastKnownFileType = file.xib; path = CALayerAnimationController.xib; sourceTree = "<group>"; };
		ADEEC3BC1E53418D00570B66 /* NineController.h */ = {isa = PBXFileReference; fileEncoding = 4; lastKnownFileType = sourcecode.c.h; path = NineController.h; sourceTree = "<group>"; };
		ADEEC3BD1E53418D00570B66 /* NineController.m */ = {isa = PBXFileReference; fileEncoding = 4; lastKnownFileType = sourcecode.c.objc; path = NineController.m; sourceTree = "<group>"; };
		ADEEC3C21E5347A200570B66 /* ElevenController.h */ = {isa = PBXFileReference; fileEncoding = 4; lastKnownFileType = sourcecode.c.h; path = ElevenController.h; sourceTree = "<group>"; };
		ADEEC3C31E5347A200570B66 /* ElevenController.m */ = {isa = PBXFileReference; fileEncoding = 4; lastKnownFileType = sourcecode.c.objc; path = ElevenController.m; sourceTree = "<group>"; };
/* End PBXFileReference section */

/* Begin PBXFrameworksBuildPhase section */
		ADB524BF1E485C710083249D /* Frameworks */ = {
			isa = PBXFrameworksBuildPhase;
			buildActionMask = 2147483647;
			files = (
				ADA82A371E4B5BFD00E5F585 /* GLKit.framework in Frameworks */,
				ADB524DE1E4864040083249D /* CoreGraphics.framework in Frameworks */,
			);
			runOnlyForDeploymentPostprocessing = 0;
		};
/* End PBXFrameworksBuildPhase section */

/* Begin PBXGroup section */
		AD05DBBC1E51FF9F00B501C2 /* Image */ = {
			isa = PBXGroup;
			children = (
				AD05DBBD1E52037F00B501C2 /* Snowman_00_00.jpg */,
				AD05DBBE1E52037F00B501C2 /* Snowman_00_06.jpg */,
				AD05DBBF1E52037F00B501C2 /* Snowman_01_01.jpg */,
				AD05DBC01E52037F00B501C2 /* Snowman_01_06.jpg */,
				AD05DBC11E52037F00B501C2 /* Snowman_04_05.jpg */,
				AD05DBC21E52037F00B501C2 /* Snowman_04_06.jpg */,
				AD05DBC31E52037F00B501C2 /* Snowman_02_06.jpg */,
				AD05DBC41E52037F00B501C2 /* Snowman_03_06.jpg */,
				AD05DBC51E52037F00B501C2 /* Snowman_06_06.jpg */,
				AD05DBC61E52037F00B501C2 /* Snowman_07_03.jpg */,
				AD05DBC71E52037F00B501C2 /* Snowman_01_00.jpg */,
				AD05DBC81E52037F00B501C2 /* Snowman_01_03.jpg */,
				AD05DBC91E52037F00B501C2 /* Snowman_01_05.jpg */,
				AD05DBCA1E52037F00B501C2 /* Snowman_07_01.jpg */,
				AD05DBCB1E52037F00B501C2 /* Snowman_06_03.jpg */,
				AD05DBCC1E52037F00B501C2 /* Snowman_03_04.jpg */,
				AD05DBCD1E52037F00B501C2 /* Snowman_00_01.jpg */,
				AD05DBCE1E52037F00B501C2 /* Snowman_02_00.jpg */,
				AD05DBCF1E52037F00B501C2 /* Snowman_03_00.jpg */,
				AD05DBD01E52037F00B501C2 /* Snowman_03_03.jpg */,
				AD05DBD11E52037F00B501C2 /* Snowman_07_04.jpg */,
				AD05DBD21E52037F00B501C2 /* Snowman_03_01.jpg */,
				AD05DBD31E52037F00B501C2 /* Snowman_00_02.jpg */,
				AD05DBD41E52037F00B501C2 /* Snowman_05_00.jpg */,
				AD05DBD51E52037F00B501C2 /* Snowman_03_05.jpg */,
				AD05DBD61E52037F00B501C2 /* Snowman_04_00.jpg */,
				AD05DBD71E52037F00B501C2 /* Snowman_07_02.jpg */,
				AD05DBD81E52037F00B501C2 /* Snowman_08_06.jpg */,
				AD05DBD91E52037F00B501C2 /* Snowman_05_06.jpg */,
				AD05DBDA1E52037F00B501C2 /* Snowman_07_06.jpg */,
				AD05DBDB1E52037F00B501C2 /* Snowman_09_00.jpg */,
				AD05DBDC1E52037F00B501C2 /* Snowman_05_03.jpg */,
				AD05DBDD1E52037F00B501C2 /* Snowman_00_04.jpg */,
				AD05DBDE1E52037F00B501C2 /* Snowman_02_03.jpg */,
				AD05DBDF1E52037F00B501C2 /* Snowman_06_00.jpg */,
				AD05DBE01E52037F00B501C2 /* Snowman_04_04.jpg */,
				AD05DBE11E52037F00B501C2 /* Snowman_02_02.jpg */,
				AD05DBE21E52037F00B501C2 /* Snowman_00_03.jpg */,
				AD05DBE31E52037F00B501C2 /* Snowman_05_04.jpg */,
				AD05DBE41E52037F00B501C2 /* Snowman_05_02.jpg */,
				AD05DBE51E52037F00B501C2 /* Snowman_00_05.jpg */,
				AD05DBE61E52037F00B501C2 /* Snowman_05_01.jpg */,
				AD05DBE71E52037F00B501C2 /* Snowman_06_02.jpg */,
				AD05DBE81E52037F00B501C2 /* Snowman_06_04.jpg */,
				AD05DBE91E52037F00B501C2 /* Snowman_07_00.jpg */,
				AD05DBEA1E52037F00B501C2 /* Snowman_06_05.jpg */,
				AD05DBEB1E52037F00B501C2 /* Snowman_01_04.jpg */,
				AD05DBEC1E52037F00B501C2 /* Snowman_07_05.jpg */,
				AD05DBED1E52037F00B501C2 /* Snowman_04_01.jpg */,
				AD05DBEE1E52037F00B501C2 /* Snowman_06_01.jpg */,
				AD05DBEF1E52037F00B501C2 /* Snowman_08_00.jpg */,
				AD05DBF01E52037F00B501C2 /* Snowman_04_02.jpg */,
				AD05DBF11E52037F00B501C2 /* Snowman_08_01.jpg */,
				AD05DBF21E52037F00B501C2 /* Snowman_04_03.jpg */,
				AD05DBF31E52037F00B501C2 /* Snowman_08_04.jpg */,
				AD05DBF41E52037F00B501C2 /* Snowman_08_05.jpg */,
				AD05DBF51E52037F00B501C2 /* Snowman_01_02.jpg */,
				AD05DBF61E52037F00B501C2 /* Snowman_08_02.jpg */,
				AD05DBF71E52037F00B501C2 /* Snowman_08_03.jpg */,
				AD05DBF81E52037F00B501C2 /* Snowman_02_01.jpg */,
				AD05DBF91E52037F00B501C2 /* Snowman_03_02.jpg */,
				AD05DBFA1E52037F00B501C2 /* Snowman_02_05.jpg */,
				AD05DBFB1E52037F00B501C2 /* Snowman_09_01.jpg */,
				AD05DBFC1E52037F00B501C2 /* Snowman_09_02.jpg */,
				AD05DBFD1E52037F00B501C2 /* Snowman_02_04.jpg */,
				AD05DBFE1E52037F00B501C2 /* Snowman_09_03.jpg */,
				AD05DBFF1E52037F00B501C2 /* Snowman_05_05.jpg */,
				AD05DC001E52037F00B501C2 /* Snowman_09_04.jpg */,
				AD05DC011E52037F00B501C2 /* Snowman_09_05.jpg */,
				AD05DC021E52037F00B501C2 /* Snowman_09_06.jpg */,
			);
			name = Image;
			sourceTree = "<group>";
		};
		ADB524B91E485C710083249D = {
			isa = PBXGroup;
			children = (
				ADB524C41E485C710083249D /* CoreAnimationDemo */,
				ADB524C31E485C710083249D /* Products */,
				ADB524DC1E4864040083249D /* Frameworks */,
			);
			sourceTree = "<group>";
		};
		ADB524C31E485C710083249D /* Products */ = {
			isa = PBXGroup;
			children = (
				ADB524C21E485C710083249D /* CoreAnimationDemo.app */,
			);
			name = Products;
			sourceTree = "<group>";
		};
		ADB524C41E485C710083249D /* CoreAnimationDemo */ = {
			isa = PBXGroup;
			children = (
				ADE560511E54A12400BBB812 /* VC3 */,
				ADE560491E548F9800BBB812 /* VC2 */,
				ADE560481E548F8600BBB812 /* VC1 */,
				ADE560471E548F7900BBB812 /* mp4 */,
				AD05DBBC1E51FF9F00B501C2 /* Image */,
				ADE5604E1E54955A00BBB812 /* NSString+CZPath.h */,
				ADE5604F1E54955A00BBB812 /* NSString+CZPath.m */,
				AD953FE71E556C53002A2475 /* NSDate+Addition.h */,
				AD953FE81E556C53002A2475 /* NSDate+Addition.m */,
				ADB00E281E49B4B40069F604 /* Digits.png */,
				ADB524C81E485C710083249D /* AppDelegate.h */,
				ADB524C91E485C710083249D /* AppDelegate.m */,
				ADA82A331E4B1A0900E5F585 /* TabBarController.h */,
				ADA82A341E4B1A0900E5F585 /* TabBarController.m */,
				ADB524CE1E485C710083249D /* Main.storyboard */,
				ADB524D11E485C710083249D /* Assets.xcassets */,
				ADB524D31E485C710083249D /* LaunchScreen.storyboard */,
				ADB524D61E485C710083249D /* Info.plist */,
				ADB524C51E485C710083249D /* Supporting Files */,
				ADEEC3C21E5347A200570B66 /* ElevenController.h */,
				ADEEC3C31E5347A200570B66 /* ElevenController.m */,
				ADE560441E5478FF00BBB812 /* TwelveController.h */,
				ADE560451E54790000BBB812 /* TwelveController.m */,
			);
			path = CoreAnimationDemo;
			sourceTree = "<group>";
		};
		ADB524C51E485C710083249D /* Supporting Files */ = {
			isa = PBXGroup;
			children = (
				ADB524C61E485C710083249D /* main.m */,
			);
			name = "Supporting Files";
			sourceTree = "<group>";
		};
		ADB524DC1E4864040083249D /* Frameworks */ = {
			isa = PBXGroup;
			children = (
				ADA82A361E4B5BFD00E5F585 /* GLKit.framework */,
				ADB524DD1E4864040083249D /* CoreGraphics.framework */,
			);
			name = Frameworks;
			sourceTree = "<group>";
		};
		ADE560471E548F7900BBB812 /* mp4 */ = {
			isa = PBXGroup;
			children = (
				ADE5604B1E54941500BBB812 /* 778.mp4 */,
			);
			name = mp4;
			sourceTree = "<group>";
		};
		ADE560481E548F8600BBB812 /* VC1 */ = {
			isa = PBXGroup;
			children = (
				ADB524CB1E485C710083249D /* ViewController.h */,
				ADB524CC1E485C710083249D /* ViewController.m */,
				ADB524E31E48B6B30083249D /* SecondController.h */,
				ADB524E41E48B6B30083249D /* SecondController.m */,
				ADB00E221E4961550069F604 /* ThirdController.h */,
				ADB00E231E4961550069F604 /* ThirdController.m */,
				ADB00E251E4975300069F604 /* FourController.h */,
				ADB00E261E4975300069F604 /* FourController.m */,
				AD52C0801E4A0FA9004E8789 /* FiveController.h */,
				AD52C0811E4A0FA9004E8789 /* FiveController.m */,
			);
			name = VC1;
			sourceTree = "<group>";
		};
		ADE560491E548F9800BBB812 /* VC2 */ = {
			isa = PBXGroup;
			children = (
				ADA82A2E1E4B17AB00E5F585 /* SixController.h */,
				ADA82A2F1E4B17AB00E5F585 /* SixController.m */,
				ADA82A311E4B184400E5F585 /* SixController.xib */,
				ADAA76D71E4C616D00A9BF6A /* SevenController.h */,
				ADAA76D81E4C616D00A9BF6A /* SevenController.m */,
				ADB04C621E4DFEDE002C9791 /* LayerLabel.h */,
				ADB04C631E4DFEDE002C9791 /* LayerLabel.m */,
				ADB04C651E4E04E0002C9791 /* CATransformLayerController.h */,
				ADB04C661E4E04E0002C9791 /* CATranformLayerController.m */,
				ADA9F28A1E4ECFEC00885AA5 /* ReflectionView.h */,
				ADA9F28B1E4ECFEC00885AA5 /* ReflectionView.m */,
				ADA9F2901E4EDC7500885AA5 /* ScrollView.h */,
				ADA9F2911E4EDC7500885AA5 /* ScrollView.m */,
				ADA9F28D1E4EDA1300885AA5 /* EigthController.h */,
				ADA9F28E1E4EDA1300885AA5 /* EigthController.m */,
				AD05DC491E52081B00B501C2 /* FastCATiledLayer.h */,
				AD05DC4A1E52081B00B501C2 /* FastCATiledLayer.m */,
				ADEEC3BC1E53418D00570B66 /* NineController.h */,
				ADEEC3BD1E53418D00570B66 /* NineController.m */,
			);
			name = VC2;
			sourceTree = "<group>";
		};
		ADE560511E54A12400BBB812 /* VC3 */ = {
			isa = PBXGroup;
			children = (
				ADE560551E54A1F900BBB812 /* CALayerAnimationController.h */,
				ADE560561E54A1F900BBB812 /* CALayerAnimationController.m */,
				ADE560571E54A1F900BBB812 /* CALayerAnimationController.xib */,
				AD106D6A1E55E4F20038E3D2 /* PresentationModelController.h */,
				AD106D6B1E55E4F20038E3D2 /* PresentationModelController.m */,
				AD106D6C1E55E4F20038E3D2 /* PresentationModelController.xib */,
				AD106D741E55F4580038E3D2 /* XianShiAnimationController.h */,
				AD106D751E55F4580038E3D2 /* XianShiAnimationController.m */,
				AD106D761E55F4580038E3D2 /* XianShiAnimationController.xib */,
			);
			name = VC3;
			sourceTree = "<group>";
		};
/* End PBXGroup section */

/* Begin PBXNativeTarget section */
		ADB524C11E485C710083249D /* CoreAnimationDemo */ = {
			isa = PBXNativeTarget;
			buildConfigurationList = ADB524D91E485C710083249D /* Build configuration list for PBXNativeTarget "CoreAnimationDemo" */;
			buildPhases = (
				ADB524BE1E485C710083249D /* Sources */,
				ADB524BF1E485C710083249D /* Frameworks */,
				ADB524C01E485C710083249D /* Resources */,
			);
			buildRules = (
			);
			dependencies = (
			);
			name = CoreAnimationDemo;
			productName = CoreAnimationDemo;
			productReference = ADB524C21E485C710083249D /* CoreAnimationDemo.app */;
			productType = "com.apple.product-type.application";
		};
/* End PBXNativeTarget section */

/* Begin PBXProject section */
		ADB524BA1E485C710083249D /* Project object */ = {
			isa = PBXProject;
			attributes = {
				LastUpgradeCheck = 0820;
				ORGANIZATIONNAME = DFD;
				TargetAttributes = {
					ADB524C11E485C710083249D = {
						CreatedOnToolsVersion = 8.2.1;
						ProvisioningStyle = Automatic;
					};
				};
			};
			buildConfigurationList = ADB524BD1E485C710083249D /* Build configuration list for PBXProject "CoreAnimationDemo" */;
			compatibilityVersion = "Xcode 3.2";
			developmentRegion = English;
			hasScannedForEncodings = 0;
			knownRegions = (
				en,
				Base,
			);
			mainGroup = ADB524B91E485C710083249D;
			productRefGroup = ADB524C31E485C710083249D /* Products */;
			projectDirPath = "";
			projectRoot = "";
			targets = (
				ADB524C11E485C710083249D /* CoreAnimationDemo */,
			);
		};
/* End PBXProject section */

/* Begin PBXResourcesBuildPhase section */
		ADB524C01E485C710083249D /* Resources */ = {
			isa = PBXResourcesBuildPhase;
			buildActionMask = 2147483647;
			files = (
				AD05DC261E52037F00B501C2 /* Snowman_04_04.jpg in Resources */,
				AD05DC471E52037F00B501C2 /* Snowman_09_05.jpg in Resources */,
				AD05DC2A1E52037F00B501C2 /* Snowman_05_02.jpg in Resources */,
				AD05DC271E52037F00B501C2 /* Snowman_02_02.jpg in Resources */,
				AD05DC1A1E52037F00B501C2 /* Snowman_05_00.jpg in Resources */,
				ADB524D51E485C710083249D /* LaunchScreen.storyboard in Resources */,
				AD05DC281E52037F00B501C2 /* Snowman_00_03.jpg in Resources */,
				AD05DC331E52037F00B501C2 /* Snowman_04_01.jpg in Resources */,
				AD05DC091E52037F00B501C2 /* Snowman_02_06.jpg in Resources */,
				AD05DC371E52037F00B501C2 /* Snowman_08_01.jpg in Resources */,
				AD05DC171E52037F00B501C2 /* Snowman_07_04.jpg in Resources */,
				AD05DC141E52037F00B501C2 /* Snowman_02_00.jpg in Resources */,
				AD05DC321E52037F00B501C2 /* Snowman_07_05.jpg in Resources */,
				AD05DC0D1E52037F00B501C2 /* Snowman_01_00.jpg in Resources */,
				ADA82A321E4B184400E5F585 /* SixController.xib in Resources */,
				AD05DC251E52037F00B501C2 /* Snowman_06_00.jpg in Resources */,
				AD05DC221E52037F00B501C2 /* Snowman_05_03.jpg in Resources */,
				AD05DC131E52037F00B501C2 /* Snowman_00_01.jpg in Resources */,
				AD05DC231E52037F00B501C2 /* Snowman_00_04.jpg in Resources */,
				AD05DC0C1E52037F00B501C2 /* Snowman_07_03.jpg in Resources */,
				AD05DC451E52037F00B501C2 /* Snowman_05_05.jpg in Resources */,
				AD05DC0B1E52037F00B501C2 /* Snowman_06_06.jpg in Resources */,
				AD05DC211E52037F00B501C2 /* Snowman_09_00.jpg in Resources */,
				AD05DC431E52037F00B501C2 /* Snowman_02_04.jpg in Resources */,
				AD05DC1D1E52037F00B501C2 /* Snowman_07_02.jpg in Resources */,
				AD05DC1C1E52037F00B501C2 /* Snowman_04_00.jpg in Resources */,
				AD05DC111E52037F00B501C2 /* Snowman_06_03.jpg in Resources */,
				AD05DC2C1E52037F00B501C2 /* Snowman_05_01.jpg in Resources */,
				ADE5604D1E54947C00BBB812 /* 778.mp4 in Resources */,
				AD05DC1B1E52037F00B501C2 /* Snowman_03_05.jpg in Resources */,
				AD05DC341E52037F00B501C2 /* Snowman_06_01.jpg in Resources */,
				ADB00E291E49B4B40069F604 /* Digits.png in Resources */,
				AD05DC291E52037F00B501C2 /* Snowman_05_04.jpg in Resources */,
				AD05DC401E52037F00B501C2 /* Snowman_02_05.jpg in Resources */,
				AD106D781E55F4580038E3D2 /* XianShiAnimationController.xib in Resources */,
				AD05DC1E1E52037F00B501C2 /* Snowman_08_06.jpg in Resources */,
				AD05DC161E52037F00B501C2 /* Snowman_03_03.jpg in Resources */,
				AD05DC121E52037F00B501C2 /* Snowman_03_04.jpg in Resources */,
				AD05DC1F1E52037F00B501C2 /* Snowman_05_06.jpg in Resources */,
				AD05DC3C1E52037F00B501C2 /* Snowman_08_02.jpg in Resources */,
				ADE560591E54A1F900BBB812 /* CALayerAnimationController.xib in Resources */,
				AD05DC051E52037F00B501C2 /* Snowman_01_01.jpg in Resources */,
				ADB524D21E485C710083249D /* Assets.xcassets in Resources */,
				AD05DC481E52037F00B501C2 /* Snowman_09_06.jpg in Resources */,
				AD05DC2B1E52037F00B501C2 /* Snowman_00_05.jpg in Resources */,
				AD05DC0F1E52037F00B501C2 /* Snowman_01_05.jpg in Resources */,
				AD05DC361E52037F00B501C2 /* Snowman_04_02.jpg in Resources */,
				AD05DC041E52037F00B501C2 /* Snowman_00_06.jpg in Resources */,
				AD05DC441E52037F00B501C2 /* Snowman_09_03.jpg in Resources */,
				AD05DC2F1E52037F00B501C2 /* Snowman_07_00.jpg in Resources */,
				AD05DC3B1E52037F00B501C2 /* Snowman_01_02.jpg in Resources */,
				AD05DC181E52037F00B501C2 /* Snowman_03_01.jpg in Resources */,
				AD05DC081E52037F00B501C2 /* Snowman_04_06.jpg in Resources */,
				AD05DC3F1E52037F00B501C2 /* Snowman_03_02.jpg in Resources */,
				AD05DC3D1E52037F00B501C2 /* Snowman_08_03.jpg in Resources */,
				AD05DC061E52037F00B501C2 /* Snowman_01_06.jpg in Resources */,
				AD05DC351E52037F00B501C2 /* Snowman_08_00.jpg in Resources */,
				ADB524D01E485C710083249D /* Main.storyboard in Resources */,
				AD05DC0E1E52037F00B501C2 /* Snowman_01_03.jpg in Resources */,
				AD05DC071E52037F00B501C2 /* Snowman_04_05.jpg in Resources */,
				AD05DC151E52037F00B501C2 /* Snowman_03_00.jpg in Resources */,
				AD05DC2D1E52037F00B501C2 /* Snowman_06_02.jpg in Resources */,
				AD05DC0A1E52037F00B501C2 /* Snowman_03_06.jpg in Resources */,
				AD05DC421E52037F00B501C2 /* Snowman_09_02.jpg in Resources */,
				AD106D6E1E55E4F20038E3D2 /* PresentationModelController.xib in Resources */,
				AD05DC241E52037F00B501C2 /* Snowman_02_03.jpg in Resources */,
				AD05DC031E52037F00B501C2 /* Snowman_00_00.jpg in Resources */,
				AD05DC201E52037F00B501C2 /* Snowman_07_06.jpg in Resources */,
				AD05DC2E1E52037F00B501C2 /* Snowman_06_04.jpg in Resources */,
				AD05DC3E1E52037F00B501C2 /* Snowman_02_01.jpg in Resources */,
				AD05DC101E52037F00B501C2 /* Snowman_07_01.jpg in Resources */,
				AD05DC461E52037F00B501C2 /* Snowman_09_04.jpg in Resources */,
				AD05DC191E52037F00B501C2 /* Snowman_00_02.jpg in Resources */,
				AD05DC311E52037F00B501C2 /* Snowman_01_04.jpg in Resources */,
				AD05DC411E52037F00B501C2 /* Snowman_09_01.jpg in Resources */,
				AD05DC3A1E52037F00B501C2 /* Snowman_08_05.jpg in Resources */,
				AD05DC391E52037F00B501C2 /* Snowman_08_04.jpg in Resources */,
				AD05DC301E52037F00B501C2 /* Snowman_06_05.jpg in Resources */,
				AD05DC381E52037F00B501C2 /* Snowman_04_03.jpg in Resources */,
			);
			runOnlyForDeploymentPostprocessing = 0;
		};
/* End PBXResourcesBuildPhase section */

/* Begin PBXSourcesBuildPhase section */
		ADB524BE1E485C710083249D /* Sources */ = {
			isa = PBXSourcesBuildPhase;
			buildActionMask = 2147483647;
			files = (
				ADE560461E54790000BBB812 /* TwelveController.m in Sources */,
				ADB04C641E4DFEDE002C9791 /* LayerLabel.m in Sources */,
				ADA9F2921E4EDC7500885AA5 /* ScrollView.m in Sources */,
				ADB524CD1E485C710083249D /* ViewController.m in Sources */,
				ADE560581E54A1F900BBB812 /* CALayerAnimationController.m in Sources */,
				ADE560501E54955A00BBB812 /* NSString+CZPath.m in Sources */,
				ADEEC3C41E5347A200570B66 /* ElevenController.m in Sources */,
				ADB00E271E4975300069F604 /* FourController.m in Sources */,
				ADA82A301E4B17AB00E5F585 /* SixController.m in Sources */,
				AD05DC4B1E52081B00B501C2 /* FastCATiledLayer.m in Sources */,
				ADA82A351E4B1A0900E5F585 /* TabBarController.m in Sources */,
				AD52C0821E4A0FA9004E8789 /* FiveController.m in Sources */,
				ADEEC3BE1E53418D00570B66 /* NineController.m in Sources */,
				AD106D6D1E55E4F20038E3D2 /* PresentationModelController.m in Sources */,
				ADAA76D91E4C616D00A9BF6A /* SevenController.m in Sources */,
				AD106D771E55F4580038E3D2 /* XianShiAnimationController.m in Sources */,
				ADB524E51E48B6B30083249D /* SecondController.m in Sources */,
				ADA9F28C1E4ECFEC00885AA5 /* ReflectionView.m in Sources */,
				AD953FE91E556C53002A2475 /* NSDate+Addition.m in Sources */,
				ADB524CA1E485C710083249D /* AppDelegate.m in Sources */,
				ADB00E241E4961550069F604 /* ThirdController.m in Sources */,
				ADB524C71E485C710083249D /* main.m in Sources */,
				ADA9F28F1E4EDA1300885AA5 /* EigthController.m in Sources */,
				ADB04C671E4E04E0002C9791 /* CATranformLayerController.m in Sources */,
			);
			runOnlyForDeploymentPostprocessing = 0;
		};
/* End PBXSourcesBuildPhase section */

/* Begin PBXVariantGroup section */
		ADB524CE1E485C710083249D /* Main.storyboard */ = {
			isa = PBXVariantGroup;
			children = (
				ADB524CF1E485C710083249D /* Base */,
			);
			name = Main.storyboard;
			sourceTree = "<group>";
		};
		ADB524D31E485C710083249D /* LaunchScreen.storyboard */ = {
			isa = PBXVariantGroup;
			children = (
				ADB524D41E485C710083249D /* Base */,
			);
			name = LaunchScreen.storyboard;
			sourceTree = "<group>";
		};
/* End PBXVariantGroup section */

/* Begin XCBuildConfiguration section */
		ADB524D71E485C710083249D /* Debug */ = {
			isa = XCBuildConfiguration;
			buildSettings = {
				ALWAYS_SEARCH_USER_PATHS = NO;
				CLANG_ANALYZER_NONNULL = YES;
				CLANG_CXX_LANGUAGE_STANDARD = "gnu++0x";
				CLANG_CXX_LIBRARY = "libc++";
				CLANG_ENABLE_MODULES = YES;
				CLANG_ENABLE_OBJC_ARC = YES;
				CLANG_WARN_BOOL_CONVERSION = YES;
				CLANG_WARN_CONSTANT_CONVERSION = YES;
				CLANG_WARN_DIRECT_OBJC_ISA_USAGE = YES_ERROR;
				CLANG_WARN_DOCUMENTATION_COMMENTS = YES;
				CLANG_WARN_EMPTY_BODY = YES;
				CLANG_WARN_ENUM_CONVERSION = YES;
				CLANG_WARN_INFINITE_RECURSION = YES;
				CLANG_WARN_INT_CONVERSION = YES;
				CLANG_WARN_OBJC_ROOT_CLASS = YES_ERROR;
				CLANG_WARN_SUSPICIOUS_MOVE = YES;
				CLANG_WARN_UNREACHABLE_CODE = YES;
				CLANG_WARN__DUPLICATE_METHOD_MATCH = YES;
				"CODE_SIGN_IDENTITY[sdk=iphoneos*]" = "iPhone Developer";
				COPY_PHASE_STRIP = NO;
				DEBUG_INFORMATION_FORMAT = dwarf;
				ENABLE_STRICT_OBJC_MSGSEND = YES;
				ENABLE_TESTABILITY = YES;
				GCC_C_LANGUAGE_STANDARD = gnu99;
				GCC_DYNAMIC_NO_PIC = NO;
				GCC_NO_COMMON_BLOCKS = YES;
				GCC_OPTIMIZATION_LEVEL = 0;
				GCC_PREPROCESSOR_DEFINITIONS = (
					"DEBUG=1",
					"$(inherited)",
				);
				GCC_WARN_64_TO_32_BIT_CONVERSION = YES;
				GCC_WARN_ABOUT_RETURN_TYPE = YES_ERROR;
				GCC_WARN_UNDECLARED_SELECTOR = YES;
				GCC_WARN_UNINITIALIZED_AUTOS = YES_AGGRESSIVE;
				GCC_WARN_UNUSED_FUNCTION = YES;
				GCC_WARN_UNUSED_VARIABLE = YES;
				IPHONEOS_DEPLOYMENT_TARGET = 10.2;
				MTL_ENABLE_DEBUG_INFO = YES;
				ONLY_ACTIVE_ARCH = YES;
				SDKROOT = iphoneos;
			};
			name = Debug;
		};
		ADB524D81E485C710083249D /* Release */ = {
			isa = XCBuildConfiguration;
			buildSettings = {
				ALWAYS_SEARCH_USER_PATHS = NO;
				CLANG_ANALYZER_NONNULL = YES;
				CLANG_CXX_LANGUAGE_STANDARD = "gnu++0x";
				CLANG_CXX_LIBRARY = "libc++";
				CLANG_ENABLE_MODULES = YES;
				CLANG_ENABLE_OBJC_ARC = YES;
				CLANG_WARN_BOOL_CONVERSION = YES;
				CLANG_WARN_CONSTANT_CONVERSION = YES;
				CLANG_WARN_DIRECT_OBJC_ISA_USAGE = YES_ERROR;
				CLANG_WARN_DOCUMENTATION_COMMENTS = YES;
				CLANG_WARN_EMPTY_BODY = YES;
				CLANG_WARN_ENUM_CONVERSION = YES;
				CLANG_WARN_INFINITE_RECURSION = YES;
				CLANG_WARN_INT_CONVERSION = YES;
				CLANG_WARN_OBJC_ROOT_CLASS = YES_ERROR;
				CLANG_WARN_SUSPICIOUS_MOVE = YES;
				CLANG_WARN_UNREACHABLE_CODE = YES;
				CLANG_WARN__DUPLICATE_METHOD_MATCH = YES;
				"CODE_SIGN_IDENTITY[sdk=iphoneos*]" = "iPhone Developer";
				COPY_PHASE_STRIP = NO;
				DEBUG_INFORMATION_FORMAT = "dwarf-with-dsym";
				ENABLE_NS_ASSERTIONS = NO;
				ENABLE_STRICT_OBJC_MSGSEND = YES;
				GCC_C_LANGUAGE_STANDARD = gnu99;
				GCC_NO_COMMON_BLOCKS = YES;
				GCC_WARN_64_TO_32_BIT_CONVERSION = YES;
				GCC_WARN_ABOUT_RETURN_TYPE = YES_ERROR;
				GCC_WARN_UNDECLARED_SELECTOR = YES;
				GCC_WARN_UNINITIALIZED_AUTOS = YES_AGGRESSIVE;
				GCC_WARN_UNUSED_FUNCTION = YES;
				GCC_WARN_UNUSED_VARIABLE = YES;
				IPHONEOS_DEPLOYMENT_TARGET = 10.2;
				MTL_ENABLE_DEBUG_INFO = NO;
				SDKROOT = iphoneos;
				VALIDATE_PRODUCT = YES;
			};
			name = Release;
		};
		ADB524DA1E485C710083249D /* Debug */ = {
			isa = XCBuildConfiguration;
			buildSettings = {
				ASSETCATALOG_COMPILER_APPICON_NAME = AppIcon;
				INFOPLIST_FILE = CoreAnimationDemo/Info.plist;
				IPHONEOS_DEPLOYMENT_TARGET = 8.0;
				LD_RUNPATH_SEARCH_PATHS = "$(inherited) @executable_path/Frameworks";
				PRODUCT_BUNDLE_IDENTIFIER = com.dfd.testApp.CoreAnimationDemo;
				PRODUCT_NAME = "$(TARGET_NAME)";
			};
			name = Debug;
		};
		ADB524DB1E485C710083249D /* Release */ = {
			isa = XCBuildConfiguration;
			buildSettings = {
				ASSETCATALOG_COMPILER_APPICON_NAME = AppIcon;
				INFOPLIST_FILE = CoreAnimationDemo/Info.plist;
				IPHONEOS_DEPLOYMENT_TARGET = 8.0;
				LD_RUNPATH_SEARCH_PATHS = "$(inherited) @executable_path/Frameworks";
				PRODUCT_BUNDLE_IDENTIFIER = com.dfd.testApp.CoreAnimationDemo;
				PRODUCT_NAME = "$(TARGET_NAME)";
			};
			name = Release;
		};
/* End XCBuildConfiguration section */

/* Begin XCConfigurationList section */
		ADB524BD1E485C710083249D /* Build configuration list for PBXProject "CoreAnimationDemo" */ = {
			isa = XCConfigurationList;
			buildConfigurations = (
				ADB524D71E485C710083249D /* Debug */,
				ADB524D81E485C710083249D /* Release */,
			);
			defaultConfigurationIsVisible = 0;
			defaultConfigurationName = Release;
		};
		ADB524D91E485C710083249D /* Build configuration list for PBXNativeTarget "CoreAnimationDemo" */ = {
			isa = XCConfigurationList;
			buildConfigurations = (
				ADB524DA1E485C710083249D /* Debug */,
				ADB524DB1E485C710083249D /* Release */,
			);
			defaultConfigurationIsVisible = 0;
			defaultConfigurationName = Release;
		};
/* End XCConfigurationList section */
	};
	rootObject = ADB524BA1E485C710083249D /* Project object */;
}
